
Microsoft Visual Studio Solution File, Format Version 12.00
# Visual Studio Version 17
VisualStudioVersion = 17.13.35931.197 d17.13
MinimumVisualStudioVersion = 10.0.40219.1
Project("{FAE04EC0-301F-11D3-BF4B-00C04F79EFBC}") = "MiniBanque", "MiniBanque\MiniBanque.csproj", "{A13B3095-0834-4FD4-81B8-9728532BD236}"
EndProject
Global
	GlobalSection(SolutionConfigurationPlatforms) = preSolution
		Debug|Any CPU = Debug|Any CPU
		Release|Any CPU = Release|Any CPU
	EndGlobalSection
	GlobalSection(ProjectConfigurationPlatforms) = postSolution
		{A13B3095-0834-4FD4-81B8-9728532BD236}.Debug|Any CPU.ActiveCfg = Debug|Any CPU
		{A13B3095-0834-4FD4-81B8-9728532BD236}.Debug|Any CPU.Build.0 = Debug|Any CPU
		{A13B3095-0834-4FD4-81B8-9728532BD236}.Release|Any CPU.ActiveCfg = Release|Any CPU
		{A13B3095-0834-4FD4-81B8-9728532BD236}.Release|Any CPU.Build.0 = Release|Any CPU
	EndGlobalSection
	GlobalSection(SolutionProperties) = preSolution
		HideSolutionNode = FALSE
	EndGlobalSection
	GlobalSection(ExtensibilityGlobals) = postSolution
		SolutionGuid = {D1FF8D5C-09E2-496B-8485-FE3861A9C9E0}
	EndGlobalSection
EndGlobal
